
Microsoft Visual Studio Solution File, Format Version 12.00
# Visual Studio Version 17
VisualStudioVersion = 17.6.33815.320
MinimumVisualStudioVersion = 10.0.40219.1
Project("{FAE04EC0-301F-11D3-BF4B-00C04F79EFBC}") = "Assignment06", "Assignment06\Assignment06.csproj", "{66B09215-7A4B-4F38-BDD7-36636CE61C1F}"
EndProject
Global
	GlobalSection(SolutionConfigurationPlatforms) = preSolution
		Debug|Any CPU = Debug|Any CPU
		Release|Any CPU = Release|Any CPU
	EndGlobalSection
	GlobalSection(ProjectConfigurationPlatforms) = postSolution
		{66B09215-7A4B-4F38-BDD7-36636CE61C1F}.Debug|Any CPU.ActiveCfg = Debug|Any CPU
		{66B09215-7A4B-4F38-BDD7-36636CE61C1F}.Debug|Any CPU.Build.0 = Debug|Any CPU
		{66B09215-7A4B-4F38-BDD7-36636CE61C1F}.Release|Any CPU.ActiveCfg = Release|Any CPU
		{66B09215-7A4B-4F38-BDD7-36636CE61C1F}.Release|Any CPU.Build.0 = Release|Any CPU
	EndGlobalSection
	GlobalSection(SolutionProperties) = preSolution
		HideSolutionNode = FALSE
	EndGlobalSection
	GlobalSection(ExtensibilityGlobals) = postSolution
		SolutionGuid = {A41B928F-D6F6-4A08-88EF-E2BD36F719BD}
	EndGlobalSection
EndGlobal
